
Microsoft Visual Studio Solution File, Format Version 12.00
# Visual Studio Version 17
VisualStudioVersion = 17.14.36518.9 d17.14
MinimumVisualStudioVersion = 10.0.40219.1
Project("{FAE04EC0-301F-11D3-BF4B-00C04F79EFBC}") = "WinFormsApp1", "WinFormsApp1\WinFormsApp1.csproj", "{79F5E795-94D9-4FC5-8E47-7B4AB1A9059F}"
EndProject
Global
	GlobalSection(SolutionConfigurationPlatforms) = preSolution
		Debug|Any CPU = Debug|Any CPU
		Release|Any CPU = Release|Any CPU
	EndGlobalSection
	GlobalSection(ProjectConfigurationPlatforms) = postSolution
		{79F5E795-94D9-4FC5-8E47-7B4AB1A9059F}.Debug|Any CPU.ActiveCfg = Debug|Any CPU
		{79F5E795-94D9-4FC5-8E47-7B4AB1A9059F}.Debug|Any CPU.Build.0 = Debug|Any CPU
		{79F5E795-94D9-4FC5-8E47-7B4AB1A9059F}.Release|Any CPU.ActiveCfg = Release|Any CPU
		{79F5E795-94D9-4FC5-8E47-7B4AB1A9059F}.Release|Any CPU.Build.0 = Release|Any CPU
	EndGlobalSection
	GlobalSection(SolutionProperties) = preSolution
		HideSolutionNode = FALSE
	EndGlobalSection
	GlobalSection(ExtensibilityGlobals) = postSolution
		SolutionGuid = {200C43F4-67FC-490C-9C96-4F86FE8624FF}
	EndGlobalSection
EndGlobal
